
Microsoft Visual Studio Solution File, Format Version 12.00
# Visual Studio Version 17
VisualStudioVersion = 17.8.34511.84
MinimumVisualStudioVersion = 10.0.40219.1
Project("{FAE04EC0-301F-11D3-BF4B-00C04F79EFBC}") = "Models", "Models\Models.csproj", "{F63A6AC9-BB2F-4F68-A175-4EB0592209FA}"
EndProject
Project("{FAE04EC0-301F-11D3-BF4B-00C04F79EFBC}") = "DataAccess", "DataAccess\DataAccess.csproj", "{C65D5636-B828-43D0-963A-4F98BCFCE7CA}"
EndProject
Project("{FAE04EC0-301F-11D3-BF4B-00C04F79EFBC}") = "Services", "Services\Services.csproj", "{46ADD108-88CC-4D5B-8E73-45C338E4B88A}"
EndProject
Project("{FAE04EC0-301F-11D3-BF4B-00C04F79EFBC}") = "XperTek_ACME", "XperTek_ACME\XperTek_ACME.csproj", "{238CFC61-5565-476C-98D2-A5C97DA36FB2}"
EndProject
Global
	GlobalSection(SolutionConfigurationPlatforms) = preSolution
		Debug|Any CPU = Debug|Any CPU
		Release|Any CPU = Release|Any CPU
	EndGlobalSection
	GlobalSection(ProjectConfigurationPlatforms) = postSolution
		{F63A6AC9-BB2F-4F68-A175-4EB0592209FA}.Debug|Any CPU.ActiveCfg = Debug|Any CPU
		{F63A6AC9-BB2F-4F68-A175-4EB0592209FA}.Debug|Any CPU.Build.0 = Debug|Any CPU
		{F63A6AC9-BB2F-4F68-A175-4EB0592209FA}.Release|Any CPU.ActiveCfg = Release|Any CPU
		{F63A6AC9-BB2F-4F68-A175-4EB0592209FA}.Release|Any CPU.Build.0 = Release|Any CPU
		{C65D5636-B828-43D0-963A-4F98BCFCE7CA}.Debug|Any CPU.ActiveCfg = Debug|Any CPU
		{C65D5636-B828-43D0-963A-4F98BCFCE7CA}.Debug|Any CPU.Build.0 = Debug|Any CPU
		{C65D5636-B828-43D0-963A-4F98BCFCE7CA}.Release|Any CPU.ActiveCfg = Release|Any CPU
		{C65D5636-B828-43D0-963A-4F98BCFCE7CA}.Release|Any CPU.Build.0 = Release|Any CPU
		{46ADD108-88CC-4D5B-8E73-45C338E4B88A}.Debug|Any CPU.ActiveCfg = Debug|Any CPU
		{46ADD108-88CC-4D5B-8E73-45C338E4B88A}.Debug|Any CPU.Build.0 = Debug|Any CPU
		{46ADD108-88CC-4D5B-8E73-45C338E4B88A}.Release|Any CPU.ActiveCfg = Release|Any CPU
		{46ADD108-88CC-4D5B-8E73-45C338E4B88A}.Release|Any CPU.Build.0 = Release|Any CPU
		{238CFC61-5565-476C-98D2-A5C97DA36FB2}.Debug|Any CPU.ActiveCfg = Debug|Any CPU
		{238CFC61-5565-476C-98D2-A5C97DA36FB2}.Debug|Any CPU.Build.0 = Debug|Any CPU
		{238CFC61-5565-476C-98D2-A5C97DA36FB2}.Release|Any CPU.ActiveCfg = Release|Any CPU
		{238CFC61-5565-476C-98D2-A5C97DA36FB2}.Release|Any CPU.Build.0 = Release|Any CPU
	EndGlobalSection
	GlobalSection(SolutionProperties) = preSolution
		HideSolutionNode = FALSE
	EndGlobalSection
	GlobalSection(ExtensibilityGlobals) = postSolution
		SolutionGuid = {64DF231A-071B-49DE-8408-7E15345C90C5}
	EndGlobalSection
EndGlobal
